
Microsoft Visual Studio Solution File, Format Version 12.00
# Visual Studio Version 17
VisualStudioVersion = 17.1.32210.238
MinimumVisualStudioVersion = 10.0.40219.1
Project("{8BC9CEB8-8B4A-11D0-8D11-00A0C91BC942}") = "in", "in\in.vcxproj", "{B2015BEA-A835-458A-A23F-4F609EC1136E}"
EndProject
Project("{8BC9CEB8-8B4A-11D0-8D11-00A0C91BC942}") = "loadDll", "loadDll\loadDll.vcxproj", "{EF23FFD0-C953-4C05-A434-CBCC3110AEB4}"
EndProject
Project("{8BC9CEB8-8B4A-11D0-8D11-00A0C91BC942}") = "ClientTest", "ClientTest\ClientTest.vcxproj", "{93229039-BC7A-450E-9FF0-8A0EFE149DAA}"
EndProject
Project("{8BC9CEB8-8B4A-11D0-8D11-00A0C91BC942}") = "AppInit_DLLs_x64", "AppInit_DLLs_x64\AppInit_DLLs_x64.vcxproj", "{FFADD48A-20F1-4C3D-B9DC-C168687B6153}"
EndProject
Project("{2150E333-8FDC-42A3-9474-1A3956D46DE8}") = "Web", "Web", "{39FDB0D8-7570-4219-ABBD-AD0A8CD1DB00}"
EndProject
Project("{9A19103F-16F7-4668-BE54-9A1E7A4F7556}") = "crypto.Net45", "MiddleSafeServerAbp\aspnet-core\src\crypto\crypto.Net45.csproj", "{45473847-8AF8-4BAF-B768-442C6875B8CF}"
EndProject
Project("{9A19103F-16F7-4668-BE54-9A1E7A4F7556}") = "middleSafeServer.Application", "MiddleSafeServerAbp\aspnet-core\src\middleSafeServer.Application\middleSafeServer.Application.csproj", "{9B9117F6-1B0B-4D30-BA93-E86383DDD660}"
EndProject
Project("{9A19103F-16F7-4668-BE54-9A1E7A4F7556}") = "middleSafeServer.Application.Contracts", "MiddleSafeServerAbp\aspnet-core\src\middleSafeServer.Application.Contracts\middleSafeServer.Application.Contracts.csproj", "{2A9B6C34-9A28-48C7-9594-7E58C331BCBF}"
EndProject
Project("{9A19103F-16F7-4668-BE54-9A1E7A4F7556}") = "middleSafeServer.DbMigrator", "MiddleSafeServerAbp\aspnet-core\src\middleSafeServer.DbMigrator\middleSafeServer.DbMigrator.csproj", "{8C133E55-0773-4A40-B8A2-56670361F664}"
EndProject
Project("{9A19103F-16F7-4668-BE54-9A1E7A4F7556}") = "middleSafeServer.Domain", "MiddleSafeServerAbp\aspnet-core\src\middleSafeServer.Domain\middleSafeServer.Domain.csproj", "{E7562533-0918-464F-93E0-38B2D9A915AF}"
EndProject
Project("{9A19103F-16F7-4668-BE54-9A1E7A4F7556}") = "middleSafeServer.Domain.Shared", "MiddleSafeServerAbp\aspnet-core\src\middleSafeServer.Domain.Shared\middleSafeServer.Domain.Shared.csproj", "{4C4EF844-0AF1-4718-8DBF-44C3F8280C44}"
EndProject
Project("{9A19103F-16F7-4668-BE54-9A1E7A4F7556}") = "middleSafeServer.EntityFrameworkCore", "MiddleSafeServerAbp\aspnet-core\src\middleSafeServer.EntityFrameworkCore\middleSafeServer.EntityFrameworkCore.csproj", "{822850FE-7DAB-4B56-BC60-B539161BAE6A}"
EndProject
Project("{9A19103F-16F7-4668-BE54-9A1E7A4F7556}") = "middleSafeServer.HttpApi", "MiddleSafeServerAbp\aspnet-core\src\middleSafeServer.HttpApi\middleSafeServer.HttpApi.csproj", "{9CD6B8B9-75FC-42C7-97C2-8B43BA4E4587}"
EndProject
Project("{9A19103F-16F7-4668-BE54-9A1E7A4F7556}") = "middleSafeServer.HttpApi.Client", "MiddleSafeServerAbp\aspnet-core\src\middleSafeServer.HttpApi.Client\middleSafeServer.HttpApi.Client.csproj", "{6D739546-46A5-44AA-A5F7-AEE51FF7724B}"
EndProject
Project("{9A19103F-16F7-4668-BE54-9A1E7A4F7556}") = "middleSafeServer.HttpApi.Host", "MiddleSafeServerAbp\aspnet-core\src\middleSafeServer.HttpApi.Host\middleSafeServer.HttpApi.Host.csproj", "{9839F910-D3B9-4EEC-8423-16D320647A41}"
EndProject
Project("{FAE04EC0-301F-11D3-BF4B-00C04F79EFBC}") = "Testssss", "MiddleSafeServerAbp\aspnet-core\test\Testssss\Testssss.csproj", "{C2DE29EB-963C-40DD-938A-520CB0501F03}"
EndProject
Project("{8BC9CEB8-8B4A-11D0-8D11-00A0C91BC942}") = "middleServerSDK", "middleServerSDK\middleServerSDK.vcxproj", "{C519A857-7A25-413F-BED8-09BF0DCBE68E}"
EndProject
Project("{8BC9CEB8-8B4A-11D0-8D11-00A0C91BC942}") = "ListTest", "ListTest\ListTest.vcxproj", "{C6B3E006-720D-4758-BDC0-B419B5135050}"
EndProject
Project("{9A19103F-16F7-4668-BE54-9A1E7A4F7556}") = "testImageLoad", "testImageLoad\testImageLoad.csproj", "{8DA3398E-CCA8-4682-91B2-362CD8D27B56}"
EndProject
Project("{8BC9CEB8-8B4A-11D0-8D11-00A0C91BC942}") = "ConsoleTest", "ConsoleTest\ConsoleTest.vcxproj", "{55E46195-785D-4200-8AA1-1B0C35A9C26E}"
EndProject
Global
	GlobalSection(SolutionConfigurationPlatforms) = preSolution
		Debug|Any CPU = Debug|Any CPU
		Debug|x64 = Debug|x64
		Debug|x86 = Debug|x86
		Release|Any CPU = Release|Any CPU
		Release|x64 = Release|x64
		Release|x86 = Release|x86
	EndGlobalSection
	GlobalSection(ProjectConfigurationPlatforms) = postSolution
		{B2015BEA-A835-458A-A23F-4F609EC1136E}.Debug|Any CPU.ActiveCfg = Debug|x64
		{B2015BEA-A835-458A-A23F-4F609EC1136E}.Debug|Any CPU.Build.0 = Debug|x64
		{B2015BEA-A835-458A-A23F-4F609EC1136E}.Debug|x64.ActiveCfg = Debug|x64
		{B2015BEA-A835-458A-A23F-4F609EC1136E}.Debug|x64.Build.0 = Debug|x64
		{B2015BEA-A835-458A-A23F-4F609EC1136E}.Debug|x86.ActiveCfg = Debug|Win32
		{B2015BEA-A835-458A-A23F-4F609EC1136E}.Debug|x86.Build.0 = Debug|Win32
		{B2015BEA-A835-458A-A23F-4F609EC1136E}.Release|Any CPU.ActiveCfg = Release|x64
		{B2015BEA-A835-458A-A23F-4F609EC1136E}.Release|Any CPU.Build.0 = Release|x64
		{B2015BEA-A835-458A-A23F-4F609EC1136E}.Release|x64.ActiveCfg = Release|x64
		{B2015BEA-A835-458A-A23F-4F609EC1136E}.Release|x64.Build.0 = Release|x64
		{B2015BEA-A835-458A-A23F-4F609EC1136E}.Release|x86.ActiveCfg = Release|Win32
		{B2015BEA-A835-458A-A23F-4F609EC1136E}.Release|x86.Build.0 = Release|Win32
		{EF23FFD0-C953-4C05-A434-CBCC3110AEB4}.Debug|Any CPU.ActiveCfg = Debug|x64
		{EF23FFD0-C953-4C05-A434-CBCC3110AEB4}.Debug|Any CPU.Build.0 = Debug|x64
		{EF23FFD0-C953-4C05-A434-CBCC3110AEB4}.Debug|x64.ActiveCfg = Debug|x64
		{EF23FFD0-C953-4C05-A434-CBCC3110AEB4}.Debug|x64.Build.0 = Debug|x64
		{EF23FFD0-C953-4C05-A434-CBCC3110AEB4}.Debug|x86.ActiveCfg = Debug|Win32
		{EF23FFD0-C953-4C05-A434-CBCC3110AEB4}.Debug|x86.Build.0 = Debug|Win32
		{EF23FFD0-C953-4C05-A434-CBCC3110AEB4}.Release|Any CPU.ActiveCfg = Release|x64
		{EF23FFD0-C953-4C05-A434-CBCC3110AEB4}.Release|Any CPU.Build.0 = Release|x64
		{EF23FFD0-C953-4C05-A434-CBCC3110AEB4}.Release|x64.ActiveCfg = Release|x64
		{EF23FFD0-C953-4C05-A434-CBCC3110AEB4}.Release|x64.Build.0 = Release|x64
		{EF23FFD0-C953-4C05-A434-CBCC3110AEB4}.Release|x86.ActiveCfg = Release|Win32
		{EF23FFD0-C953-4C05-A434-CBCC3110AEB4}.Release|x86.Build.0 = Release|Win32
		{93229039-BC7A-450E-9FF0-8A0EFE149DAA}.Debug|Any CPU.ActiveCfg = Debug|x64
		{93229039-BC7A-450E-9FF0-8A0EFE149DAA}.Debug|Any CPU.Build.0 = Debug|x64
		{93229039-BC7A-450E-9FF0-8A0EFE149DAA}.Debug|x64.ActiveCfg = Debug|x64
		{93229039-BC7A-450E-9FF0-8A0EFE149DAA}.Debug|x64.Build.0 = Debug|x64
		{93229039-BC7A-450E-9FF0-8A0EFE149DAA}.Debug|x86.ActiveCfg = Debug|Win32
		{93229039-BC7A-450E-9FF0-8A0EFE149DAA}.Debug|x86.Build.0 = Debug|Win32
		{93229039-BC7A-450E-9FF0-8A0EFE149DAA}.Release|Any CPU.ActiveCfg = Release|x64
		{93229039-BC7A-450E-9FF0-8A0EFE149DAA}.Release|Any CPU.Build.0 = Release|x64
		{93229039-BC7A-450E-9FF0-8A0EFE149DAA}.Release|x64.ActiveCfg = Release|x64
		{93229039-BC7A-450E-9FF0-8A0EFE149DAA}.Release|x64.Build.0 = Release|x64
		{93229039-BC7A-450E-9FF0-8A0EFE149DAA}.Release|x86.ActiveCfg = Release|Win32
		{93229039-BC7A-450E-9FF0-8A0EFE149DAA}.Release|x86.Build.0 = Release|Win32
		{FFADD48A-20F1-4C3D-B9DC-C168687B6153}.Debug|Any CPU.ActiveCfg = Debug|x64
		{FFADD48A-20F1-4C3D-B9DC-C168687B6153}.Debug|Any CPU.Build.0 = Debug|x64
		{FFADD48A-20F1-4C3D-B9DC-C168687B6153}.Debug|x64.ActiveCfg = Debug|x64
		{FFADD48A-20F1-4C3D-B9DC-C168687B6153}.Debug|x64.Build.0 = Debug|x64
		{FFADD48A-20F1-4C3D-B9DC-C168687B6153}.Debug|x86.ActiveCfg = Debug|Win32
		{FFADD48A-20F1-4C3D-B9DC-C168687B6153}.Debug|x86.Build.0 = Debug|Win32
		{FFADD48A-20F1-4C3D-B9DC-C168687B6153}.Release|Any CPU.ActiveCfg = Release|x64
		{FFADD48A-20F1-4C3D-B9DC-C168687B6153}.Release|Any CPU.Build.0 = Release|x64
		{FFADD48A-20F1-4C3D-B9DC-C168687B6153}.Release|x64.ActiveCfg = Release|x64
		{FFADD48A-20F1-4C3D-B9DC-C168687B6153}.Release|x64.Build.0 = Release|x64
		{FFADD48A-20F1-4C3D-B9DC-C168687B6153}.Release|x86.ActiveCfg = Release|Win32
		{FFADD48A-20F1-4C3D-B9DC-C168687B6153}.Release|x86.Build.0 = Release|Win32
		{45473847-8AF8-4BAF-B768-442C6875B8CF}.Debug|Any CPU.ActiveCfg = Debug|Any CPU
		{45473847-8AF8-4BAF-B768-442C6875B8CF}.Debug|Any CPU.Build.0 = Debug|Any CPU
		{45473847-8AF8-4BAF-B768-442C6875B8CF}.Debug|x64.ActiveCfg = Debug|Any CPU
		{45473847-8AF8-4BAF-B768-442C6875B8CF}.Debug|x64.Build.0 = Debug|Any CPU
		{45473847-8AF8-4BAF-B768-442C6875B8CF}.Debug|x86.ActiveCfg = Debug|Any CPU
		{45473847-8AF8-4BAF-B768-442C6875B8CF}.Debug|x86.Build.0 = Debug|Any CPU
		{45473847-8AF8-4BAF-B768-442C6875B8CF}.Release|Any CPU.ActiveCfg = Release|Any CPU
		{45473847-8AF8-4BAF-B768-442C6875B8CF}.Release|Any CPU.Build.0 = Release|Any CPU
		{45473847-8AF8-4BAF-B768-442C6875B8CF}.Release|x64.ActiveCfg = Release|Any CPU
		{45473847-8AF8-4BAF-B768-442C6875B8CF}.Release|x64.Build.0 = Release|Any CPU
		{45473847-8AF8-4BAF-B768-442C6875B8CF}.Release|x86.ActiveCfg = Release|Any CPU
		{45473847-8AF8-4BAF-B768-442C6875B8CF}.Release|x86.Build.0 = Release|Any CPU
		{9B9117F6-1B0B-4D30-BA93-E86383DDD660}.Debug|Any CPU.ActiveCfg = Debug|Any CPU
		{9B9117F6-1B0B-4D30-BA93-E86383DDD660}.Debug|Any CPU.Build.0 = Debug|Any CPU
		{9B9117F6-1B0B-4D30-BA93-E86383DDD660}.Debug|x64.ActiveCfg = Debug|Any CPU
		{9B9117F6-1B0B-4D30-BA93-E86383DDD660}.Debug|x64.Build.0 = Debug|Any CPU
		{9B9117F6-1B0B-4D30-BA93-E86383DDD660}.Debug|x86.ActiveCfg = Debug|Any CPU
		{9B9117F6-1B0B-4D30-BA93-E86383DDD660}.Debug|x86.Build.0 = Debug|Any CPU
		{9B9117F6-1B0B-4D30-BA93-E86383DDD660}.Release|Any CPU.ActiveCfg = Release|Any CPU
		{9B9117F6-1B0B-4D30-BA93-E86383DDD660}.Release|Any CPU.Build.0 = Release|Any CPU
		{9B9117F6-1B0B-4D30-BA93-E86383DDD660}.Release|x64.ActiveCfg = Release|Any CPU
		{9B9117F6-1B0B-4D30-BA93-E86383DDD660}.Release|x64.Build.0 = Release|Any CPU
		{9B9117F6-1B0B-4D30-BA93-E86383DDD660}.Release|x86.ActiveCfg = Release|Any CPU
		{9B9117F6-1B0B-4D30-BA93-E86383DDD660}.Release|x86.Build.0 = Release|Any CPU
		{2A9B6C34-9A28-48C7-9594-7E58C331BCBF}.Debug|Any CPU.ActiveCfg = Debug|Any CPU
		{2A9B6C34-9A28-48C7-9594-7E58C331BCBF}.Debug|Any CPU.Build.0 = Debug|Any CPU
		{2A9B6C34-9A28-48C7-9594-7E58C331BCBF}.Debug|x64.ActiveCfg = Debug|Any CPU
		{2A9B6C34-9A28-48C7-9594-7E58C331BCBF}.Debug|x64.Build.0 = Debug|Any CPU
		{2A9B6C34-9A28-48C7-9594-7E58C331BCBF}.Debug|x86.ActiveCfg = Debug|Any CPU
		{2A9B6C34-9A28-48C7-9594-7E58C331BCBF}.Debug|x86.Build.0 = Debug|Any CPU
		{2A9B6C34-9A28-48C7-9594-7E58C331BCBF}.Release|Any CPU.ActiveCfg = Release|Any CPU
		{2A9B6C34-9A28-48C7-9594-7E58C331BCBF}.Release|Any CPU.Build.0 = Release|Any CPU
		{2A9B6C34-9A28-48C7-9594-7E58C331BCBF}.Release|x64.ActiveCfg = Release|Any CPU
		{2A9B6C34-9A28-48C7-9594-7E58C331BCBF}.Release|x64.Build.0 = Release|Any CPU
		{2A9B6C34-9A28-48C7-9594-7E58C331BCBF}.Release|x86.ActiveCfg = Release|Any CPU
		{2A9B6C34-9A28-48C7-9594-7E58C331BCBF}.Release|x86.Build.0 = Release|Any CPU
		{8C133E55-0773-4A40-B8A2-56670361F664}.Debug|Any CPU.ActiveCfg = Debug|Any CPU
		{8C133E55-0773-4A40-B8A2-56670361F664}.Debug|Any CPU.Build.0 = Debug|Any CPU
		{8C133E55-0773-4A40-B8A2-56670361F664}.Debug|x64.ActiveCfg = Debug|Any CPU
		{8C133E55-0773-4A40-B8A2-56670361F664}.Debug|x64.Build.0 = Debug|Any CPU
		{8C133E55-0773-4A40-B8A2-56670361F664}.Debug|x86.ActiveCfg = Debug|Any CPU
		{8C133E55-0773-4A40-B8A2-56670361F664}.Debug|x86.Build.0 = Debug|Any CPU
		{8C133E55-0773-4A40-B8A2-56670361F664}.Release|Any CPU.ActiveCfg = Release|Any CPU
		{8C133E55-0773-4A40-B8A2-56670361F664}.Release|Any CPU.Build.0 = Release|Any CPU
		{8C133E55-0773-4A40-B8A2-56670361F664}.Release|x64.ActiveCfg = Release|Any CPU
		{8C133E55-0773-4A40-B8A2-56670361F664}.Release|x64.Build.0 = Release|Any CPU
		{8C133E55-0773-4A40-B8A2-56670361F664}.Release|x86.ActiveCfg = Release|Any CPU
		{8C133E55-0773-4A40-B8A2-56670361F664}.Release|x86.Build.0 = Release|Any CPU
		{E7562533-0918-464F-93E0-38B2D9A915AF}.Debug|Any CPU.ActiveCfg = Debug|Any CPU
		{E7562533-0918-464F-93E0-38B2D9A915AF}.Debug|Any CPU.Build.0 = Debug|Any CPU
		{E7562533-0918-464F-93E0-38B2D9A915AF}.Debug|x64.ActiveCfg = Debug|Any CPU
		{E7562533-0918-464F-93E0-38B2D9A915AF}.Debug|x64.Build.0 = Debug|Any CPU
		{E7562533-0918-464F-93E0-38B2D9A915AF}.Debug|x86.ActiveCfg = Debug|Any CPU
		{E7562533-0918-464F-93E0-38B2D9A915AF}.Debug|x86.Build.0 = Debug|Any CPU
		{E7562533-0918-464F-93E0-38B2D9A915AF}.Release|Any CPU.ActiveCfg = Release|Any CPU
		{E7562533-0918-464F-93E0-38B2D9A915AF}.Release|Any CPU.Build.0 = Release|Any CPU
		{E7562533-0918-464F-93E0-38B2D9A915AF}.Release|x64.ActiveCfg = Release|Any CPU
		{E7562533-0918-464F-93E0-38B2D9A915AF}.Release|x64.Build.0 = Release|Any CPU
		{E7562533-0918-464F-93E0-38B2D9A915AF}.Release|x86.ActiveCfg = Release|Any CPU
		{E7562533-0918-464F-93E0-38B2D9A915AF}.Release|x86.Build.0 = Release|Any CPU
		{4C4EF844-0AF1-4718-8DBF-44C3F8280C44}.Debug|Any CPU.ActiveCfg = Debug|Any CPU
		{4C4EF844-0AF1-4718-8DBF-44C3F8280C44}.Debug|Any CPU.Build.0 = Debug|Any CPU
		{4C4EF844-0AF1-4718-8DBF-44C3F8280C44}.Debug|x64.ActiveCfg = Debug|Any CPU
		{4C4EF844-0AF1-4718-8DBF-44C3F8280C44}.Debug|x64.Build.0 = Debug|Any CPU
		{4C4EF844-0AF1-4718-8DBF-44C3F8280C44}.Debug|x86.ActiveCfg = Debug|Any CPU
		{4C4EF844-0AF1-4718-8DBF-44C3F8280C44}.Debug|x86.Build.0 = Debug|Any CPU
		{4C4EF844-0AF1-4718-8DBF-44C3F8280C44}.Release|Any CPU.ActiveCfg = Release|Any CPU
		{4C4EF844-0AF1-4718-8DBF-44C3F8280C44}.Release|Any CPU.Build.0 = Release|Any CPU
		{4C4EF844-0AF1-4718-8DBF-44C3F8280C44}.Release|x64.ActiveCfg = Release|Any CPU
		{4C4EF844-0AF1-4718-8DBF-44C3F8280C44}.Release|x64.Build.0 = Release|Any CPU
		{4C4EF844-0AF1-4718-8DBF-44C3F8280C44}.Release|x86.ActiveCfg = Release|Any CPU
		{4C4EF844-0AF1-4718-8DBF-44C3F8280C44}.Release|x86.Build.0 = Release|Any CPU
		{822850FE-7DAB-4B56-BC60-B539161BAE6A}.Debug|Any CPU.ActiveCfg = Debug|Any CPU
		{822850FE-7DAB-4B56-BC60-B539161BAE6A}.Debug|Any CPU.Build.0 = Debug|Any CPU
		{822850FE-7DAB-4B56-BC60-B539161BAE6A}.Debug|x64.ActiveCfg = Debug|Any CPU
		{822850FE-7DAB-4B56-BC60-B539161BAE6A}.Debug|x64.Build.0 = Debug|Any CPU
		{822850FE-7DAB-4B56-BC60-B539161BAE6A}.Debug|x86.ActiveCfg = Debug|Any CPU
		{822850FE-7DAB-4B56-BC60-B539161BAE6A}.Debug|x86.Build.0 = Debug|Any CPU
		{822850FE-7DAB-4B56-BC60-B539161BAE6A}.Release|Any CPU.ActiveCfg = Release|Any CPU
		{822850FE-7DAB-4B56-BC60-B539161BAE6A}.Release|Any CPU.Build.0 = Release|Any CPU
		{822850FE-7DAB-4B56-BC60-B539161BAE6A}.Release|x64.ActiveCfg = Release|Any CPU
		{822850FE-7DAB-4B56-BC60-B539161BAE6A}.Release|x64.Build.0 = Release|Any CPU
		{822850FE-7DAB-4B56-BC60-B539161BAE6A}.Release|x86.ActiveCfg = Release|Any CPU
		{822850FE-7DAB-4B56-BC60-B539161BAE6A}.Release|x86.Build.0 = Release|Any CPU
		{9CD6B8B9-75FC-42C7-97C2-8B43BA4E4587}.Debug|Any CPU.ActiveCfg = Debug|Any CPU
		{9CD6B8B9-75FC-42C7-97C2-8B43BA4E4587}.Debug|Any CPU.Build.0 = Debug|Any CPU
		{9CD6B8B9-75FC-42C7-97C2-8B43BA4E4587}.Debug|x64.ActiveCfg = Debug|Any CPU
		{9CD6B8B9-75FC-42C7-97C2-8B43BA4E4587}.Debug|x64.Build.0 = Debug|Any CPU
		{9CD6B8B9-75FC-42C7-97C2-8B43BA4E4587}.Debug|x86.ActiveCfg = Debug|Any CPU
		{9CD6B8B9-75FC-42C7-97C2-8B43BA4E4587}.Debug|x86.Build.0 = Debug|Any CPU
		{9CD6B8B9-75FC-42C7-97C2-8B43BA4E4587}.Release|Any CPU.ActiveCfg = Release|Any CPU
		{9CD6B8B9-75FC-42C7-97C2-8B43BA4E4587}.Release|Any CPU.Build.0 = Release|Any CPU
		{9CD6B8B9-75FC-42C7-97C2-8B43BA4E4587}.Release|x64.ActiveCfg = Release|Any CPU
		{9CD6B8B9-75FC-42C7-97C2-8B43BA4E4587}.Release|x64.Build.0 = Release|Any CPU
		{9CD6B8B9-75FC-42C7-97C2-8B43BA4E4587}.Release|x86.ActiveCfg = Release|Any CPU
		{9CD6B8B9-75FC-42C7-97C2-8B43BA4E4587}.Release|x86.Build.0 = Release|Any CPU
		{6D739546-46A5-44AA-A5F7-AEE51FF7724B}.Debug|Any CPU.ActiveCfg = Debug|Any CPU
		{6D739546-46A5-44AA-A5F7-AEE51FF7724B}.Debug|Any CPU.Build.0 = Debug|Any CPU
		{6D739546-46A5-44AA-A5F7-AEE51FF7724B}.Debug|x64.ActiveCfg = Debug|Any CPU
		{6D739546-46A5-44AA-A5F7-AEE51FF7724B}.Debug|x64.Build.0 = Debug|Any CPU
		{6D739546-46A5-44AA-A5F7-AEE51FF7724B}.Debug|x86.ActiveCfg = Debug|Any CPU
		{6D739546-46A5-44AA-A5F7-AEE51FF7724B}.Debug|x86.Build.0 = Debug|Any CPU
		{6D739546-46A5-44AA-A5F7-AEE51FF7724B}.Release|Any CPU.ActiveCfg = Release|Any CPU
		{6D739546-46A5-44AA-A5F7-AEE51FF7724B}.Release|Any CPU.Build.0 = Release|Any CPU
		{6D739546-46A5-44AA-A5F7-AEE51FF7724B}.Release|x64.ActiveCfg = Release|Any CPU
		{6D739546-46A5-44AA-A5F7-AEE51FF7724B}.Release|x64.Build.0 = Release|Any CPU
		{6D739546-46A5-44AA-A5F7-AEE51FF7724B}.Release|x86.ActiveCfg = Release|Any CPU
		{6D739546-46A5-44AA-A5F7-AEE51FF7724B}.Release|x86.Build.0 = Release|Any CPU
		{9839F910-D3B9-4EEC-8423-16D320647A41}.Debug|Any CPU.ActiveCfg = Debug|Any CPU
		{9839F910-D3B9-4EEC-8423-16D320647A41}.Debug|Any CPU.Build.0 = Debug|Any CPU
		{9839F910-D3B9-4EEC-8423-16D320647A41}.Debug|x64.ActiveCfg = Debug|Any CPU
		{9839F910-D3B9-4EEC-8423-16D320647A41}.Debug|x64.Build.0 = Debug|Any CPU
		{9839F910-D3B9-4EEC-8423-16D320647A41}.Debug|x86.ActiveCfg = Debug|Any CPU
		{9839F910-D3B9-4EEC-8423-16D320647A41}.Debug|x86.Build.0 = Debug|Any CPU
		{9839F910-D3B9-4EEC-8423-16D320647A41}.Release|Any CPU.ActiveCfg = Release|Any CPU
		{9839F910-D3B9-4EEC-8423-16D320647A41}.Release|Any CPU.Build.0 = Release|Any CPU
		{9839F910-D3B9-4EEC-8423-16D320647A41}.Release|x64.ActiveCfg = Release|Any CPU
		{9839F910-D3B9-4EEC-8423-16D320647A41}.Release|x64.Build.0 = Release|Any CPU
		{9839F910-D3B9-4EEC-8423-16D320647A41}.Release|x86.ActiveCfg = Release|Any CPU
		{9839F910-D3B9-4EEC-8423-16D320647A41}.Release|x86.Build.0 = Release|Any CPU
		{C2DE29EB-963C-40DD-938A-520CB0501F03}.Debug|Any CPU.ActiveCfg = Debug|Any CPU
		{C2DE29EB-963C-40DD-938A-520CB0501F03}.Debug|Any CPU.Build.0 = Debug|Any CPU
		{C2DE29EB-963C-40DD-938A-520CB0501F03}.Debug|x64.ActiveCfg = Debug|Any CPU
		{C2DE29EB-963C-40DD-938A-520CB0501F03}.Debug|x64.Build.0 = Debug|Any CPU
		{C2DE29EB-963C-40DD-938A-520CB0501F03}.Debug|x86.ActiveCfg = Debug|Any CPU
		{C2DE29EB-963C-40DD-938A-520CB0501F03}.Debug|x86.Build.0 = Debug|Any CPU
		{C2DE29EB-963C-40DD-938A-520CB0501F03}.Release|Any CPU.ActiveCfg = Release|Any CPU
		{C2DE29EB-963C-40DD-938A-520CB0501F03}.Release|Any CPU.Build.0 = Release|Any CPU
		{C2DE29EB-963C-40DD-938A-520CB0501F03}.Release|x64.ActiveCfg = Release|Any CPU
		{C2DE29EB-963C-40DD-938A-520CB0501F03}.Release|x64.Build.0 = Release|Any CPU
		{C2DE29EB-963C-40DD-938A-520CB0501F03}.Release|x86.ActiveCfg = Release|Any CPU
		{C2DE29EB-963C-40DD-938A-520CB0501F03}.Release|x86.Build.0 = Release|Any CPU
		{C519A857-7A25-413F-BED8-09BF0DCBE68E}.Debug|Any CPU.ActiveCfg = Debug|x64
		{C519A857-7A25-413F-BED8-09BF0DCBE68E}.Debug|Any CPU.Build.0 = Debug|x64
		{C519A857-7A25-413F-BED8-09BF0DCBE68E}.Debug|x64.ActiveCfg = Debug|x64
		{C519A857-7A25-413F-BED8-09BF0DCBE68E}.Debug|x64.Build.0 = Debug|x64
		{C519A857-7A25-413F-BED8-09BF0DCBE68E}.Debug|x86.ActiveCfg = Debug|Win32
		{C519A857-7A25-413F-BED8-09BF0DCBE68E}.Debug|x86.Build.0 = Debug|Win32
		{C519A857-7A25-413F-BED8-09BF0DCBE68E}.Release|Any CPU.ActiveCfg = Release|x64
		{C519A857-7A25-413F-BED8-09BF0DCBE68E}.Release|Any CPU.Build.0 = Release|x64
		{C519A857-7A25-413F-BED8-09BF0DCBE68E}.Release|x64.ActiveCfg = Release|x64
		{C519A857-7A25-413F-BED8-09BF0DCBE68E}.Release|x64.Build.0 = Release|x64
		{C519A857-7A25-413F-BED8-09BF0DCBE68E}.Release|x86.ActiveCfg = Release|Win32
		{C519A857-7A25-413F-BED8-09BF0DCBE68E}.Release|x86.Build.0 = Release|Win32
		{C6B3E006-720D-4758-BDC0-B419B5135050}.Debug|Any CPU.ActiveCfg = Debug|x64
		{C6B3E006-720D-4758-BDC0-B419B5135050}.Debug|Any CPU.Build.0 = Debug|x64
		{C6B3E006-720D-4758-BDC0-B419B5135050}.Debug|x64.ActiveCfg = Debug|x64
		{C6B3E006-720D-4758-BDC0-B419B5135050}.Debug|x64.Build.0 = Debug|x64
		{C6B3E006-720D-4758-BDC0-B419B5135050}.Debug|x86.ActiveCfg = Debug|Win32
		{C6B3E006-720D-4758-BDC0-B419B5135050}.Debug|x86.Build.0 = Debug|Win32
		{C6B3E006-720D-4758-BDC0-B419B5135050}.Release|Any CPU.ActiveCfg = Release|x64
		{C6B3E006-720D-4758-BDC0-B419B5135050}.Release|Any CPU.Build.0 = Release|x64
		{C6B3E006-720D-4758-BDC0-B419B5135050}.Release|x64.ActiveCfg = Release|x64
		{C6B3E006-720D-4758-BDC0-B419B5135050}.Release|x64.Build.0 = Release|x64
		{C6B3E006-720D-4758-BDC0-B419B5135050}.Release|x86.ActiveCfg = Release|Win32
		{C6B3E006-720D-4758-BDC0-B419B5135050}.Release|x86.Build.0 = Release|Win32
		{8DA3398E-CCA8-4682-91B2-362CD8D27B56}.Debug|Any CPU.ActiveCfg = Debug|Any CPU
		{8DA3398E-CCA8-4682-91B2-362CD8D27B56}.Debug|Any CPU.Build.0 = Debug|Any CPU
		{8DA3398E-CCA8-4682-91B2-362CD8D27B56}.Debug|x64.ActiveCfg = Debug|Any CPU
		{8DA3398E-CCA8-4682-91B2-362CD8D27B56}.Debug|x64.Build.0 = Debug|Any CPU
		{8DA3398E-CCA8-4682-91B2-362CD8D27B56}.Debug|x86.ActiveCfg = Debug|Any CPU
		{8DA3398E-CCA8-4682-91B2-362CD8D27B56}.Debug|x86.Build.0 = Debug|Any CPU
		{8DA3398E-CCA8-4682-91B2-362CD8D27B56}.Release|Any CPU.ActiveCfg = Release|Any CPU
		{8DA3398E-CCA8-4682-91B2-362CD8D27B56}.Release|Any CPU.Build.0 = Release|Any CPU
		{8DA3398E-CCA8-4682-91B2-362CD8D27B56}.Release|x64.ActiveCfg = Release|Any CPU
		{8DA3398E-CCA8-4682-91B2-362CD8D27B56}.Release|x64.Build.0 = Release|Any CPU
		{8DA3398E-CCA8-4682-91B2-362CD8D27B56}.Release|x86.ActiveCfg = Release|Any CPU
		{8DA3398E-CCA8-4682-91B2-362CD8D27B56}.Release|x86.Build.0 = Release|Any CPU
		{55E46195-785D-4200-8AA1-1B0C35A9C26E}.Debug|Any CPU.ActiveCfg = Debug|x64
		{55E46195-785D-4200-8AA1-1B0C35A9C26E}.Debug|Any CPU.Build.0 = Debug|x64
		{55E46195-785D-4200-8AA1-1B0C35A9C26E}.Debug|x64.ActiveCfg = Debug|x64
		{55E46195-785D-4200-8AA1-1B0C35A9C26E}.Debug|x64.Build.0 = Debug|x64
		{55E46195-785D-4200-8AA1-1B0C35A9C26E}.Debug|x86.ActiveCfg = Debug|Win32
		{55E46195-785D-4200-8AA1-1B0C35A9C26E}.Debug|x86.Build.0 = Debug|Win32
		{55E46195-785D-4200-8AA1-1B0C35A9C26E}.Release|Any CPU.ActiveCfg = Release|x64
		{55E46195-785D-4200-8AA1-1B0C35A9C26E}.Release|Any CPU.Build.0 = Release|x64
		{55E46195-785D-4200-8AA1-1B0C35A9C26E}.Release|x64.ActiveCfg = Release|x64
		{55E46195-785D-4200-8AA1-1B0C35A9C26E}.Release|x64.Build.0 = Release|x64
		{55E46195-785D-4200-8AA1-1B0C35A9C26E}.Release|x86.ActiveCfg = Release|Win32
		{55E46195-785D-4200-8AA1-1B0C35A9C26E}.Release|x86.Build.0 = Release|Win32
	EndGlobalSection
	GlobalSection(SolutionProperties) = preSolution
		HideSolutionNode = FALSE
	EndGlobalSection
	GlobalSection(NestedProjects) = preSolution
		{45473847-8AF8-4BAF-B768-442C6875B8CF} = {39FDB0D8-7570-4219-ABBD-AD0A8CD1DB00}
		{9B9117F6-1B0B-4D30-BA93-E86383DDD660} = {39FDB0D8-7570-4219-ABBD-AD0A8CD1DB00}
		{2A9B6C34-9A28-48C7-9594-7E58C331BCBF} = {39FDB0D8-7570-4219-ABBD-AD0A8CD1DB00}
		{8C133E55-0773-4A40-B8A2-56670361F664} = {39FDB0D8-7570-4219-ABBD-AD0A8CD1DB00}
		{E7562533-0918-464F-93E0-38B2D9A915AF} = {39FDB0D8-7570-4219-ABBD-AD0A8CD1DB00}
		{4C4EF844-0AF1-4718-8DBF-44C3F8280C44} = {39FDB0D8-7570-4219-ABBD-AD0A8CD1DB00}
		{822850FE-7DAB-4B56-BC60-B539161BAE6A} = {39FDB0D8-7570-4219-ABBD-AD0A8CD1DB00}
		{9CD6B8B9-75FC-42C7-97C2-8B43BA4E4587} = {39FDB0D8-7570-4219-ABBD-AD0A8CD1DB00}
		{6D739546-46A5-44AA-A5F7-AEE51FF7724B} = {39FDB0D8-7570-4219-ABBD-AD0A8CD1DB00}
		{9839F910-D3B9-4EEC-8423-16D320647A41} = {39FDB0D8-7570-4219-ABBD-AD0A8CD1DB00}
		{C2DE29EB-963C-40DD-938A-520CB0501F03} = {39FDB0D8-7570-4219-ABBD-AD0A8CD1DB00}
		{8DA3398E-CCA8-4682-91B2-362CD8D27B56} = {39FDB0D8-7570-4219-ABBD-AD0A8CD1DB00}
	EndGlobalSection
	GlobalSection(ExtensibilityGlobals) = postSolution
		SolutionGuid = {7A376D54-0A78-4EFA-AEA7-58BDCF4D6A4A}
	EndGlobalSection
EndGlobal
