<?xml version="1.0" encoding="utf-8"?>
<Project ToolsVersion="4.0" xmlns="http://schemas.microsoft.com/developer/msbuild/2003">
  <ItemGroup>
    <Filter Include="源文件">
      <UniqueIdentifier>{4FC737F1-C7A5-4376-A066-2A32D752A2FF}</UniqueIdentifier>
      <Extensions>cpp;c;cc;cxx;def;odl;idl;hpj;bat;asm;asmx</Extensions>
    </Filter>
    <Filter Include="头文件">
      <UniqueIdentifier>{93995380-89BD-4b04-88EB-625FBE52EBFB}</UniqueIdentifier>
      <Extensions>h;hh;hpp;hxx;hm;inl;inc;xsd</Extensions>
    </Filter>
    <Filter Include="资源文件">
      <UniqueIdentifier>{67DA6AB6-F800-4c08-8B7A-83BB121AAD01}</UniqueIdentifier>
      <Extensions>rc;ico;cur;bmp;dlg;rc2;rct;bin;rgs;gif;jpg;jpeg;jpe;resx;tiff;tif;png;wav;mfcribbon-ms</Extensions>
    </Filter>
    <Filter Include="COutputlog">
      <UniqueIdentifier>{7f472194-f673-4f1f-8886-bd86c3b6cb07}</UniqueIdentifier>
    </Filter>
    <Filter Include="CRegedit">
      <UniqueIdentifier>{64fb7062-d550-4be7-aa65-ce2dc645e2ab}</UniqueIdentifier>
    </Filter>
    <Filter Include="CRejection">
      <UniqueIdentifier>{8b6c3780-4674-4ca8-9557-661e7b14955e}</UniqueIdentifier>
    </Filter>
  </ItemGroup>
  <ItemGroup>
    <Text Include="ReadMe.txt" />
  </ItemGroup>
  <ItemGroup>
    <ClInclude Include="stdafx.h">
      <Filter>头文件</Filter>
    </ClInclude>
    <ClInclude Include="targetver.h">
      <Filter>头文件</Filter>
    </ClInclude>
    <ClInclude Include="..\COutputlog\Outputlog.h">
      <Filter>COutputlog</Filter>
    </ClInclude>
    <ClInclude Include="..\CRegedit\CRegedit.h">
      <Filter>CRegedit</Filter>
    </ClInclude>
    <ClInclude Include="..\CRejection\CRejection.h">
      <Filter>CRejection</Filter>
    </ClInclude>
    <ClInclude Include="..\ComsoleFileinfo.h">
      <Filter>头文件</Filter>
    </ClInclude>
    <ClInclude Include="..\TSConfig.h">
      <Filter>头文件</Filter>
    </ClInclude>
  </ItemGroup>
  <ItemGroup>
    <ClCompile Include="stdafx.cpp">
      <Filter>源文件</Filter>
    </ClCompile>
    <ClCompile Include="AppInit_DLLs_x64.cpp">
      <Filter>源文件</Filter>
    </ClCompile>
    <ClCompile Include="dllmain.cpp">
      <Filter>源文件</Filter>
    </ClCompile>
    <ClCompile Include="..\COutputlog\Outputlog.cpp">
      <Filter>COutputlog</Filter>
    </ClCompile>
    <ClCompile Include="..\CRegedit\CRegedit.cpp">
      <Filter>CRegedit</Filter>
    </ClCompile>
    <ClCompile Include="..\CRejection\CRejection.cpp">
      <Filter>CRejection</Filter>
    </ClCompile>
  </ItemGroup>
</Project>